
Microsoft Visual Studio Solution File, Format Version 12.00
# Visual Studio 15
VisualStudioVersion = 15.0.27428.2037
MinimumVisualStudioVersion = 10.0.40219.1
Project("{FAE04EC0-301F-11D3-BF4B-00C04F79EFBC}") = "WebDemo", "WebDemo\WebDemo.csproj", "{F7316A9E-1D2C-4488-B28D-7E54E7906554}"
EndProject
Global
	GlobalSection(SolutionConfigurationPlatforms) = preSolution
		Debug|Any CPU = Debug|Any CPU
		Release|Any CPU = Release|Any CPU
	EndGlobalSection
	GlobalSection(ProjectConfigurationPlatforms) = postSolution
		{F7316A9E-1D2C-4488-B28D-7E54E7906554}.Debug|Any CPU.ActiveCfg = Debug|Any CPU
		{F7316A9E-1D2C-4488-B28D-7E54E7906554}.Debug|Any CPU.Build.0 = Debug|Any CPU
		{F7316A9E-1D2C-4488-B28D-7E54E7906554}.Release|Any CPU.ActiveCfg = Release|Any CPU
		{F7316A9E-1D2C-4488-B28D-7E54E7906554}.Release|Any CPU.Build.0 = Release|Any CPU
	EndGlobalSection
	GlobalSection(SolutionProperties) = preSolution
		HideSolutionNode = FALSE
	EndGlobalSection
	GlobalSection(ExtensibilityGlobals) = postSolution
		SolutionGuid = {0BA7E11F-643F-415F-B869-878F60EC336A}
	EndGlobalSection
EndGlobal
